// !$*UTF8*$!
{
	archiveVersion = 1;
	classes = {
	};
	objectVersion = 56;
	objects = {

/* Begin PBXBuildFile section */
		46270A090FE6A90976C17DDD /* Pods_DemoVideoPlayer.framework in Frameworks */ = {isa = PBXBuildFile; fileRef = 3EB4AFC6A31D232BB19EFC8D /* Pods_DemoVideoPlayer.framework */; };
		46BC2AD02CB3874500E369B6 /* VideoSocket.swift in Sources */ = {isa = PBXBuildFile; fileRef = 46BC2ACF2CB3874500E369B6 /* VideoSocket.swift */; };
		46BC2AD22CB38D1F00E369B6 /* RtpQueue.swift in Sources */ = {isa = PBXBuildFile; fileRef = 46BC2AD12CB38D1F00E369B6 /* RtpQueue.swift */; };
		46BC2AD52CB3901A00E369B6 /* DataQueue.swift in Sources */ = {isa = PBXBuildFile; fileRef = 46BC2AD42CB3901A00E369B6 /* DataQueue.swift */; };
		46BC2AD72CB3902800E369B6 /* DataStruct.swift in Sources */ = {isa = PBXBuildFile; fileRef = 46BC2AD62CB3902800E369B6 /* DataStruct.swift */; };
		46BC2ADA2CB390C600E369B6 /* DataStructure.swift in Sources */ = {isa = PBXBuildFile; fileRef = 46BC2AD92CB390C600E369B6 /* DataStructure.swift */; };
		46BC2ADC2CB396B900E369B6 /* AvcDecoder.swift in Sources */ = {isa = PBXBuildFile; fileRef = 46BC2ADB2CB396B900E369B6 /* AvcDecoder.swift */; };
		46BC2ADF2CB396D100E369B6 /* AvcSplitter.swift in Sources */ = {isa = PBXBuildFile; fileRef = 46BC2ADE2CB396D100E369B6 /* AvcSplitter.swift */; };
		46BC2AE22CB3975F00E369B6 /* VtsPlayer.swift in Sources */ = {isa = PBXBuildFile; fileRef = 46BC2AE12CB3975F00E369B6 /* VtsPlayer.swift */; };
		46BC2AE42CB398DE00E369B6 /* PhcVideoView.swift in Sources */ = {isa = PBXBuildFile; fileRef = 46BC2AE32CB398DE00E369B6 /* PhcVideoView.swift */; };
		A69A67C12CB14A5800AE8AC1 /* AppDelegate.swift in Sources */ = {isa = PBXBuildFile; fileRef = A69A67C02CB14A5800AE8AC1 /* AppDelegate.swift */; };
		A69A67C52CB14A5800AE8AC1 /* VideoViewController.swift in Sources */ = {isa = PBXBuildFile; fileRef = A69A67C42CB14A5800AE8AC1 /* VideoViewController.swift */; };
		A69A67CA2CB14A5900AE8AC1 /* Assets.xcassets in Resources */ = {isa = PBXBuildFile; fileRef = A69A67C92CB14A5900AE8AC1 /* Assets.xcassets */; };
		A69A67CD2CB14A5900AE8AC1 /* Base in Resources */ = {isa = PBXBuildFile; fileRef = A69A67CC2CB14A5900AE8AC1 /* Base */; };
		A69A67D52CB14A9D00AE8AC1 /* AvcWebSocketStreamPlayer.swift in Sources */ = {isa = PBXBuildFile; fileRef = A69A67D42CB14A9D00AE8AC1 /* AvcWebSocketStreamPlayer.swift */; };
		A69A67D72CB14DD300AE8AC1 /* HevcWebSocketStreamPlayer.swift in Sources */ = {isa = PBXBuildFile; fileRef = A69A67D62CB14DD300AE8AC1 /* HevcWebSocketStreamPlayer.swift */; };
		A69A67D92CB16F0400AE8AC1 /* Player2.swift in Sources */ = {isa = PBXBuildFile; fileRef = A69A67D82CB16F0400AE8AC1 /* Player2.swift */; };
/* End PBXBuildFile section */

/* Begin PBXFileReference section */
		15180D098B60B32B93DB7B73 /* Pods-DemoVideoPlayer.release.xcconfig */ = {isa = PBXFileReference; includeInIndex = 1; lastKnownFileType = text.xcconfig; name = "Pods-DemoVideoPlayer.release.xcconfig"; path = "Target Support Files/Pods-DemoVideoPlayer/Pods-DemoVideoPlayer.release.xcconfig"; sourceTree = "<group>"; };
		3E77308885F74A9FE089207A /* Pods-DemoVideoPlayer.debug.xcconfig */ = {isa = PBXFileReference; includeInIndex = 1; lastKnownFileType = text.xcconfig; name = "Pods-DemoVideoPlayer.debug.xcconfig"; path = "Target Support Files/Pods-DemoVideoPlayer/Pods-DemoVideoPlayer.debug.xcconfig"; sourceTree = "<group>"; };
		3EB4AFC6A31D232BB19EFC8D /* Pods_DemoVideoPlayer.framework */ = {isa = PBXFileReference; explicitFileType = wrapper.framework; includeInIndex = 0; path = Pods_DemoVideoPlayer.framework; sourceTree = BUILT_PRODUCTS_DIR; };
		46BC2ACF2CB3874500E369B6 /* VideoSocket.swift */ = {isa = PBXFileReference; fileEncoding = 4; lastKnownFileType = sourcecode.swift; path = VideoSocket.swift; sourceTree = "<group>"; };
		46BC2AD12CB38D1F00E369B6 /* RtpQueue.swift */ = {isa = PBXFileReference; lastKnownFileType = sourcecode.swift; path = RtpQueue.swift; sourceTree = "<group>"; };
		46BC2AD42CB3901A00E369B6 /* DataQueue.swift */ = {isa = PBXFileReference; lastKnownFileType = sourcecode.swift; path = DataQueue.swift; sourceTree = "<group>"; };
		46BC2AD62CB3902800E369B6 /* DataStruct.swift */ = {isa = PBXFileReference; lastKnownFileType = sourcecode.swift; path = DataStruct.swift; sourceTree = "<group>"; };
		46BC2AD92CB390C600E369B6 /* DataStructure.swift */ = {isa = PBXFileReference; lastKnownFileType = sourcecode.swift; path = DataStructure.swift; sourceTree = "<group>"; };
		46BC2ADB2CB396B900E369B6 /* AvcDecoder.swift */ = {isa = PBXFileReference; lastKnownFileType = sourcecode.swift; path = AvcDecoder.swift; sourceTree = "<group>"; };
		46BC2ADE2CB396D100E369B6 /* AvcSplitter.swift */ = {isa = PBXFileReference; lastKnownFileType = sourcecode.swift; path = AvcSplitter.swift; sourceTree = "<group>"; };
		46BC2AE12CB3975F00E369B6 /* VtsPlayer.swift */ = {isa = PBXFileReference; lastKnownFileType = sourcecode.swift; path = VtsPlayer.swift; sourceTree = "<group>"; };
		46BC2AE32CB398DE00E369B6 /* PhcVideoView.swift */ = {isa = PBXFileReference; lastKnownFileType = sourcecode.swift; path = PhcVideoView.swift; sourceTree = "<group>"; };
		A69A67BD2CB14A5800AE8AC1 /* DemoVideoPlayer.app */ = {isa = PBXFileReference; explicitFileType = wrapper.application; includeInIndex = 0; path = DemoVideoPlayer.app; sourceTree = BUILT_PRODUCTS_DIR; };
		A69A67C02CB14A5800AE8AC1 /* AppDelegate.swift */ = {isa = PBXFileReference; lastKnownFileType = sourcecode.swift; path = AppDelegate.swift; sourceTree = "<group>"; };
		A69A67C42CB14A5800AE8AC1 /* VideoViewController.swift */ = {isa = PBXFileReference; lastKnownFileType = sourcecode.swift; path = VideoViewController.swift; sourceTree = "<group>"; };
		A69A67C92CB14A5900AE8AC1 /* Assets.xcassets */ = {isa = PBXFileReference; lastKnownFileType = folder.assetcatalog; path = Assets.xcassets; sourceTree = "<group>"; };
		A69A67CC2CB14A5900AE8AC1 /* Base */ = {isa = PBXFileReference; lastKnownFileType = file.storyboard; name = Base; path = Base.lproj/LaunchScreen.storyboard; sourceTree = "<group>"; };
		A69A67CE2CB14A5900AE8AC1 /* Info.plist */ = {isa = PBXFileReference; lastKnownFileType = text.plist.xml; path = Info.plist; sourceTree = "<group>"; };
		A69A67D42CB14A9D00AE8AC1 /* AvcWebSocketStreamPlayer.swift */ = {isa = PBXFileReference; lastKnownFileType = sourcecode.swift; path = AvcWebSocketStreamPlayer.swift; sourceTree = "<group>"; };
		A69A67D62CB14DD300AE8AC1 /* HevcWebSocketStreamPlayer.swift */ = {isa = PBXFileReference; lastKnownFileType = sourcecode.swift; path = HevcWebSocketStreamPlayer.swift; sourceTree = "<group>"; };
		A69A67D82CB16F0400AE8AC1 /* Player2.swift */ = {isa = PBXFileReference; lastKnownFileType = sourcecode.swift; path = Player2.swift; sourceTree = "<group>"; };
/* End PBXFileReference section */

/* Begin PBXFrameworksBuildPhase section */
		A69A67BA2CB14A5800AE8AC1 /* Frameworks */ = {
			isa = PBXFrameworksBuildPhase;
			buildActionMask = 2147483647;
			files = (
				46270A090FE6A90976C17DDD /* Pods_DemoVideoPlayer.framework in Frameworks */,
			);
			runOnlyForDeploymentPostprocessing = 0;
		};
/* End PBXFrameworksBuildPhase section */

/* Begin PBXGroup section */
		37E0E48D1F7BFF44D234FD2E /* Frameworks */ = {
			isa = PBXGroup;
			children = (
				3EB4AFC6A31D232BB19EFC8D /* Pods_DemoVideoPlayer.framework */,
			);
			name = Frameworks;
			sourceTree = "<group>";
		};
		46BC2AD32CB3900500E369B6 /* data */ = {
			isa = PBXGroup;
			children = (
				46BC2AD12CB38D1F00E369B6 /* RtpQueue.swift */,
				46BC2AD42CB3901A00E369B6 /* DataQueue.swift */,
				46BC2AD62CB3902800E369B6 /* DataStruct.swift */,
			);
			path = data;
			sourceTree = "<group>";
		};
		46BC2AD82CB390A200E369B6 /* supported */ = {
			isa = PBXGroup;
			children = (
				46BC2AD92CB390C600E369B6 /* DataStructure.swift */,
			);
			path = supported;
			sourceTree = "<group>";
		};
		46BC2ADD2CB396BD00E369B6 /* avc */ = {
			isa = PBXGroup;
			children = (
				46BC2ADB2CB396B900E369B6 /* AvcDecoder.swift */,
				46BC2ADE2CB396D100E369B6 /* AvcSplitter.swift */,
			);
			path = avc;
			sourceTree = "<group>";
		};
		46BC2AE02CB3975100E369B6 /* player */ = {
			isa = PBXGroup;
			children = (
				46BC2AE12CB3975F00E369B6 /* VtsPlayer.swift */,
				46BC2AE32CB398DE00E369B6 /* PhcVideoView.swift */,
			);
			path = player;
			sourceTree = "<group>";
		};
		9976BFE736F086416DC51862 /* Pods */ = {
			isa = PBXGroup;
			children = (
				3E77308885F74A9FE089207A /* Pods-DemoVideoPlayer.debug.xcconfig */,
				15180D098B60B32B93DB7B73 /* Pods-DemoVideoPlayer.release.xcconfig */,
			);
			path = Pods;
			sourceTree = "<group>";
		};
		A69A67B42CB14A5800AE8AC1 = {
			isa = PBXGroup;
			children = (
				A69A67BF2CB14A5800AE8AC1 /* DemoVideoPlayer */,
				A69A67BE2CB14A5800AE8AC1 /* Products */,
				9976BFE736F086416DC51862 /* Pods */,
				37E0E48D1F7BFF44D234FD2E /* Frameworks */,
			);
			sourceTree = "<group>";
		};
		A69A67BE2CB14A5800AE8AC1 /* Products */ = {
			isa = PBXGroup;
			children = (
				A69A67BD2CB14A5800AE8AC1 /* DemoVideoPlayer.app */,
			);
			name = Products;
			sourceTree = "<group>";
		};
		A69A67BF2CB14A5800AE8AC1 /* DemoVideoPlayer */ = {
			isa = PBXGroup;
			children = (
				46BC2AE02CB3975100E369B6 /* player */,
				46BC2ADD2CB396BD00E369B6 /* avc */,
				46BC2AD82CB390A200E369B6 /* supported */,
				46BC2AD32CB3900500E369B6 /* data */,
				A69A67C02CB14A5800AE8AC1 /* AppDelegate.swift */,
				A69A67C42CB14A5800AE8AC1 /* VideoViewController.swift */,
				A69A67C92CB14A5900AE8AC1 /* Assets.xcassets */,
				A69A67CB2CB14A5900AE8AC1 /* LaunchScreen.storyboard */,
				A69A67CE2CB14A5900AE8AC1 /* Info.plist */,
				A69A67D42CB14A9D00AE8AC1 /* AvcWebSocketStreamPlayer.swift */,
				A69A67D62CB14DD300AE8AC1 /* HevcWebSocketStreamPlayer.swift */,
				A69A67D82CB16F0400AE8AC1 /* Player2.swift */,
				46BC2ACF2CB3874500E369B6 /* VideoSocket.swift */,
			);
			path = DemoVideoPlayer;
			sourceTree = "<group>";
		};
/* End PBXGroup section */

/* Begin PBXNativeTarget section */
		A69A67BC2CB14A5800AE8AC1 /* DemoVideoPlayer */ = {
			isa = PBXNativeTarget;
			buildConfigurationList = A69A67D12CB14A5900AE8AC1 /* Build configuration list for PBXNativeTarget "DemoVideoPlayer" */;
			buildPhases = (
				06745FD644F74E2DC12F7D05 /* [CP] Check Pods Manifest.lock */,
				A69A67B92CB14A5800AE8AC1 /* Sources */,
				A69A67BA2CB14A5800AE8AC1 /* Frameworks */,
				A69A67BB2CB14A5800AE8AC1 /* Resources */,
				9FD8D80867D96F188D293113 /* [CP] Embed Pods Frameworks */,
			);
			buildRules = (
			);
			dependencies = (
			);
			name = DemoVideoPlayer;
			productName = DemoVideoPlayer;
			productReference = A69A67BD2CB14A5800AE8AC1 /* DemoVideoPlayer.app */;
			productType = "com.apple.product-type.application";
		};
/* End PBXNativeTarget section */

/* Begin PBXProject section */
		A69A67B52CB14A5800AE8AC1 /* Project object */ = {
			isa = PBXProject;
			attributes = {
				BuildIndependentTargetsInParallel = 1;
				LastSwiftUpdateCheck = 1540;
				LastUpgradeCheck = 1540;
				TargetAttributes = {
					A69A67BC2CB14A5800AE8AC1 = {
						CreatedOnToolsVersion = 15.4;
					};
				};
			};
			buildConfigurationList = A69A67B82CB14A5800AE8AC1 /* Build configuration list for PBXProject "DemoVideoPlayer" */;
			compatibilityVersion = "Xcode 14.0";
			developmentRegion = en;
			hasScannedForEncodings = 0;
			knownRegions = (
				en,
				Base,
			);
			mainGroup = A69A67B42CB14A5800AE8AC1;
			productRefGroup = A69A67BE2CB14A5800AE8AC1 /* Products */;
			projectDirPath = "";
			projectRoot = "";
			targets = (
				A69A67BC2CB14A5800AE8AC1 /* DemoVideoPlayer */,
			);
		};
/* End PBXProject section */

/* Begin PBXResourcesBuildPhase section */
		A69A67BB2CB14A5800AE8AC1 /* Resources */ = {
			isa = PBXResourcesBuildPhase;
			buildActionMask = 2147483647;
			files = (
				A69A67CA2CB14A5900AE8AC1 /* Assets.xcassets in Resources */,
				A69A67CD2CB14A5900AE8AC1 /* Base in Resources */,
			);
			runOnlyForDeploymentPostprocessing = 0;
		};
/* End PBXResourcesBuildPhase section */

/* Begin PBXShellScriptBuildPhase section */
		06745FD644F74E2DC12F7D05 /* [CP] Check Pods Manifest.lock */ = {
			isa = PBXShellScriptBuildPhase;
			buildActionMask = 2147483647;
			files = (
			);
			inputFileListPaths = (
			);
			inputPaths = (
				"${PODS_PODFILE_DIR_PATH}/Podfile.lock",
				"${PODS_ROOT}/Manifest.lock",
			);
			name = "[CP] Check Pods Manifest.lock";
			outputFileListPaths = (
			);
			outputPaths = (
				"$(DERIVED_FILE_DIR)/Pods-DemoVideoPlayer-checkManifestLockResult.txt",
			);
			runOnlyForDeploymentPostprocessing = 0;
			shellPath = /bin/sh;
			shellScript = "diff \"${PODS_PODFILE_DIR_PATH}/Podfile.lock\" \"${PODS_ROOT}/Manifest.lock\" > /dev/null\nif [ $? != 0 ] ; then\n    # print error to STDERR\n    echo \"error: The sandbox is not in sync with the Podfile.lock. Run 'pod install' or update your CocoaPods installation.\" >&2\n    exit 1\nfi\n# This output is used by Xcode 'outputs' to avoid re-running this script phase.\necho \"SUCCESS\" > \"${SCRIPT_OUTPUT_FILE_0}\"\n";
			showEnvVarsInLog = 0;
		};
		9FD8D80867D96F188D293113 /* [CP] Embed Pods Frameworks */ = {
			isa = PBXShellScriptBuildPhase;
			buildActionMask = 2147483647;
			files = (
			);
			inputFileListPaths = (
				"${PODS_ROOT}/Target Support Files/Pods-DemoVideoPlayer/Pods-DemoVideoPlayer-frameworks-${CONFIGURATION}-input-files.xcfilelist",
			);
			name = "[CP] Embed Pods Frameworks";
			outputFileListPaths = (
				"${PODS_ROOT}/Target Support Files/Pods-DemoVideoPlayer/Pods-DemoVideoPlayer-frameworks-${CONFIGURATION}-output-files.xcfilelist",
			);
			runOnlyForDeploymentPostprocessing = 0;
			shellPath = /bin/sh;
			shellScript = "\"${PODS_ROOT}/Target Support Files/Pods-DemoVideoPlayer/Pods-DemoVideoPlayer-frameworks.sh\"\n";
			showEnvVarsInLog = 0;
		};
/* End PBXShellScriptBuildPhase section */

/* Begin PBXSourcesBuildPhase section */
		A69A67B92CB14A5800AE8AC1 /* Sources */ = {
			isa = PBXSourcesBuildPhase;
			buildActionMask = 2147483647;
			files = (
				46BC2AE22CB3975F00E369B6 /* VtsPlayer.swift in Sources */,
				46BC2AD22CB38D1F00E369B6 /* RtpQueue.swift in Sources */,
				46BC2AD52CB3901A00E369B6 /* DataQueue.swift in Sources */,
				46BC2ADC2CB396B900E369B6 /* AvcDecoder.swift in Sources */,
				A69A67D72CB14DD300AE8AC1 /* HevcWebSocketStreamPlayer.swift in Sources */,
				A69A67D92CB16F0400AE8AC1 /* Player2.swift in Sources */,
				46BC2ADF2CB396D100E369B6 /* AvcSplitter.swift in Sources */,
				A69A67C52CB14A5800AE8AC1 /* VideoViewController.swift in Sources */,
				46BC2AE42CB398DE00E369B6 /* PhcVideoView.swift in Sources */,
				46BC2AD72CB3902800E369B6 /* DataStruct.swift in Sources */,
				A69A67C12CB14A5800AE8AC1 /* AppDelegate.swift in Sources */,
				46BC2ADA2CB390C600E369B6 /* DataStructure.swift in Sources */,
				46BC2AD02CB3874500E369B6 /* VideoSocket.swift in Sources */,
				A69A67D52CB14A9D00AE8AC1 /* AvcWebSocketStreamPlayer.swift in Sources */,
			);
			runOnlyForDeploymentPostprocessing = 0;
		};
/* End PBXSourcesBuildPhase section */

/* Begin PBXVariantGroup section */
		A69A67CB2CB14A5900AE8AC1 /* LaunchScreen.storyboard */ = {
			isa = PBXVariantGroup;
			children = (
				A69A67CC2CB14A5900AE8AC1 /* Base */,
			);
			name = LaunchScreen.storyboard;
			sourceTree = "<group>";
		};
/* End PBXVariantGroup section */

/* Begin XCBuildConfiguration section */
		A69A67CF2CB14A5900AE8AC1 /* Debug */ = {
			isa = XCBuildConfiguration;
			buildSettings = {
				ALWAYS_SEARCH_USER_PATHS = NO;
				ASSETCATALOG_COMPILER_GENERATE_SWIFT_ASSET_SYMBOL_EXTENSIONS = YES;
				CLANG_ANALYZER_NONNULL = YES;
				CLANG_ANALYZER_NUMBER_OBJECT_CONVERSION = YES_AGGRESSIVE;
				CLANG_CXX_LANGUAGE_STANDARD = "gnu++20";
				CLANG_ENABLE_MODULES = YES;
				CLANG_ENABLE_OBJC_ARC = YES;
				CLANG_ENABLE_OBJC_WEAK = YES;
				CLANG_WARN_BLOCK_CAPTURE_AUTORELEASING = YES;
				CLANG_WARN_BOOL_CONVERSION = YES;
				CLANG_WARN_COMMA = YES;
				CLANG_WARN_CONSTANT_CONVERSION = YES;
				CLANG_WARN_DEPRECATED_OBJC_IMPLEMENTATIONS = YES;
				CLANG_WARN_DIRECT_OBJC_ISA_USAGE = YES_ERROR;
				CLANG_WARN_DOCUMENTATION_COMMENTS = YES;
				CLANG_WARN_EMPTY_BODY = YES;
				CLANG_WARN_ENUM_CONVERSION = YES;
				CLANG_WARN_INFINITE_RECURSION = YES;
				CLANG_WARN_INT_CONVERSION = YES;
				CLANG_WARN_NON_LITERAL_NULL_CONVERSION = YES;
				CLANG_WARN_OBJC_IMPLICIT_RETAIN_SELF = YES;
				CLANG_WARN_OBJC_LITERAL_CONVERSION = YES;
				CLANG_WARN_OBJC_ROOT_CLASS = YES_ERROR;
				CLANG_WARN_QUOTED_INCLUDE_IN_FRAMEWORK_HEADER = YES;
				CLANG_WARN_RANGE_LOOP_ANALYSIS = YES;
				CLANG_WARN_STRICT_PROTOTYPES = YES;
				CLANG_WARN_SUSPICIOUS_MOVE = YES;
				CLANG_WARN_UNGUARDED_AVAILABILITY = YES_AGGRESSIVE;
				CLANG_WARN_UNREACHABLE_CODE = YES;
				CLANG_WARN__DUPLICATE_METHOD_MATCH = YES;
				COPY_PHASE_STRIP = NO;
				DEBUG_INFORMATION_FORMAT = dwarf;
				ENABLE_STRICT_OBJC_MSGSEND = YES;
				ENABLE_TESTABILITY = YES;
				ENABLE_USER_SCRIPT_SANDBOXING = YES;
				GCC_C_LANGUAGE_STANDARD = gnu17;
				GCC_DYNAMIC_NO_PIC = NO;
				GCC_NO_COMMON_BLOCKS = YES;
				GCC_OPTIMIZATION_LEVEL = 0;
				GCC_PREPROCESSOR_DEFINITIONS = (
					"DEBUG=1",
					"$(inherited)",
				);
				GCC_WARN_64_TO_32_BIT_CONVERSION = YES;
				GCC_WARN_ABOUT_RETURN_TYPE = YES_ERROR;
				GCC_WARN_UNDECLARED_SELECTOR = YES;
				GCC_WARN_UNINITIALIZED_AUTOS = YES_AGGRESSIVE;
				GCC_WARN_UNUSED_FUNCTION = YES;
				GCC_WARN_UNUSED_VARIABLE = YES;
				IPHONEOS_DEPLOYMENT_TARGET = 17.5;
				LOCALIZATION_PREFERS_STRING_CATALOGS = YES;
				MTL_ENABLE_DEBUG_INFO = INCLUDE_SOURCE;
				MTL_FAST_MATH = YES;
				ONLY_ACTIVE_ARCH = YES;
				SDKROOT = iphoneos;
				SWIFT_ACTIVE_COMPILATION_CONDITIONS = "DEBUG $(inherited)";
				SWIFT_OPTIMIZATION_LEVEL = "-Onone";
			};
			name = Debug;
		};
		A69A67D02CB14A5900AE8AC1 /* Release */ = {
			isa = XCBuildConfiguration;
			buildSettings = {
				ALWAYS_SEARCH_USER_PATHS = NO;
				ASSETCATALOG_COMPILER_GENERATE_SWIFT_ASSET_SYMBOL_EXTENSIONS = YES;
				CLANG_ANALYZER_NONNULL = YES;
				CLANG_ANALYZER_NUMBER_OBJECT_CONVERSION = YES_AGGRESSIVE;
				CLANG_CXX_LANGUAGE_STANDARD = "gnu++20";
				CLANG_ENABLE_MODULES = YES;
				CLANG_ENABLE_OBJC_ARC = YES;
				CLANG_ENABLE_OBJC_WEAK = YES;
				CLANG_WARN_BLOCK_CAPTURE_AUTORELEASING = YES;
				CLANG_WARN_BOOL_CONVERSION = YES;
				CLANG_WARN_COMMA = YES;
				CLANG_WARN_CONSTANT_CONVERSION = YES;
				CLANG_WARN_DEPRECATED_OBJC_IMPLEMENTATIONS = YES;
				CLANG_WARN_DIRECT_OBJC_ISA_USAGE = YES_ERROR;
				CLANG_WARN_DOCUMENTATION_COMMENTS = YES;
				CLANG_WARN_EMPTY_BODY = YES;
				CLANG_WARN_ENUM_CONVERSION = YES;
				CLANG_WARN_INFINITE_RECURSION = YES;
				CLANG_WARN_INT_CONVERSION = YES;
				CLANG_WARN_NON_LITERAL_NULL_CONVERSION = YES;
				CLANG_WARN_OBJC_IMPLICIT_RETAIN_SELF = YES;
				CLANG_WARN_OBJC_LITERAL_CONVERSION = YES;
				CLANG_WARN_OBJC_ROOT_CLASS = YES_ERROR;
				CLANG_WARN_QUOTED_INCLUDE_IN_FRAMEWORK_HEADER = YES;
				CLANG_WARN_RANGE_LOOP_ANALYSIS = YES;
				CLANG_WARN_STRICT_PROTOTYPES = YES;
				CLANG_WARN_SUSPICIOUS_MOVE = YES;
				CLANG_WARN_UNGUARDED_AVAILABILITY = YES_AGGRESSIVE;
				CLANG_WARN_UNREACHABLE_CODE = YES;
				CLANG_WARN__DUPLICATE_METHOD_MATCH = YES;
				COPY_PHASE_STRIP = NO;
				DEBUG_INFORMATION_FORMAT = "dwarf-with-dsym";
				ENABLE_NS_ASSERTIONS = NO;
				ENABLE_STRICT_OBJC_MSGSEND = YES;
				ENABLE_USER_SCRIPT_SANDBOXING = YES;
				GCC_C_LANGUAGE_STANDARD = gnu17;
				GCC_NO_COMMON_BLOCKS = YES;
				GCC_WARN_64_TO_32_BIT_CONVERSION = YES;
				GCC_WARN_ABOUT_RETURN_TYPE = YES_ERROR;
				GCC_WARN_UNDECLARED_SELECTOR = YES;
				GCC_WARN_UNINITIALIZED_AUTOS = YES_AGGRESSIVE;
				GCC_WARN_UNUSED_FUNCTION = YES;
				GCC_WARN_UNUSED_VARIABLE = YES;
				IPHONEOS_DEPLOYMENT_TARGET = 17.5;
				LOCALIZATION_PREFERS_STRING_CATALOGS = YES;
				MTL_ENABLE_DEBUG_INFO = NO;
				MTL_FAST_MATH = YES;
				SDKROOT = iphoneos;
				SWIFT_COMPILATION_MODE = wholemodule;
				VALIDATE_PRODUCT = YES;
			};
			name = Release;
		};
		A69A67D22CB14A5900AE8AC1 /* Debug */ = {
			isa = XCBuildConfiguration;
			baseConfigurationReference = 3E77308885F74A9FE089207A /* Pods-DemoVideoPlayer.debug.xcconfig */;
			buildSettings = {
				ASSETCATALOG_COMPILER_APPICON_NAME = AppIcon;
				ASSETCATALOG_COMPILER_GLOBAL_ACCENT_COLOR_NAME = AccentColor;
				CODE_SIGN_STYLE = Automatic;
				CURRENT_PROJECT_VERSION = 1;
				DEVELOPMENT_TEAM = 8BJQV3U22K;
				ENABLE_USER_SCRIPT_SANDBOXING = NO;
				GENERATE_INFOPLIST_FILE = YES;
				INFOPLIST_FILE = DemoVideoPlayer/Info.plist;
				INFOPLIST_KEY_UIApplicationSupportsIndirectInputEvents = YES;
				INFOPLIST_KEY_UILaunchStoryboardName = LaunchScreen;
				INFOPLIST_KEY_UISupportedInterfaceOrientations_iPad = "UIInterfaceOrientationPortrait UIInterfaceOrientationPortraitUpsideDown UIInterfaceOrientationLandscapeLeft UIInterfaceOrientationLandscapeRight";
				INFOPLIST_KEY_UISupportedInterfaceOrientations_iPhone = "UIInterfaceOrientationPortrait UIInterfaceOrientationLandscapeLeft UIInterfaceOrientationLandscapeRight";
				INFOPLIST_KEY_UIUserInterfaceStyle = Light;
				LD_RUNPATH_SEARCH_PATHS = (
					"$(inherited)",
					"@executable_path/Frameworks",
				);
				MARKETING_VERSION = 1.0;
				PRODUCT_BUNDLE_IDENTIFIER = com.tung.videoplayer.DemoVideoPlayer;
				PRODUCT_NAME = "$(TARGET_NAME)";
				SWIFT_EMIT_LOC_STRINGS = YES;
				SWIFT_VERSION = 5.0;
				TARGETED_DEVICE_FAMILY = "1,2";
			};
			name = Debug;
		};
		A69A67D32CB14A5900AE8AC1 /* Release */ = {
			isa = XCBuildConfiguration;
			baseConfigurationReference = 15180D098B60B32B93DB7B73 /* Pods-DemoVideoPlayer.release.xcconfig */;
			buildSettings = {
				ASSETCATALOG_COMPILER_APPICON_NAME = AppIcon;
				ASSETCATALOG_COMPILER_GLOBAL_ACCENT_COLOR_NAME = AccentColor;
				CODE_SIGN_STYLE = Automatic;
				CURRENT_PROJECT_VERSION = 1;
				DEVELOPMENT_TEAM = 8BJQV3U22K;
				ENABLE_USER_SCRIPT_SANDBOXING = NO;
				GENERATE_INFOPLIST_FILE = YES;
				INFOPLIST_FILE = DemoVideoPlayer/Info.plist;
				INFOPLIST_KEY_UIApplicationSupportsIndirectInputEvents = YES;
				INFOPLIST_KEY_UILaunchStoryboardName = LaunchScreen;
				INFOPLIST_KEY_UISupportedInterfaceOrientations_iPad = "UIInterfaceOrientationPortrait UIInterfaceOrientationPortraitUpsideDown UIInterfaceOrientationLandscapeLeft UIInterfaceOrientationLandscapeRight";
				INFOPLIST_KEY_UISupportedInterfaceOrientations_iPhone = "UIInterfaceOrientationPortrait UIInterfaceOrientationLandscapeLeft UIInterfaceOrientationLandscapeRight";
				INFOPLIST_KEY_UIUserInterfaceStyle = Light;
				LD_RUNPATH_SEARCH_PATHS = (
					"$(inherited)",
					"@executable_path/Frameworks",
				);
				MARKETING_VERSION = 1.0;
				PRODUCT_BUNDLE_IDENTIFIER = com.tung.videoplayer.DemoVideoPlayer;
				PRODUCT_NAME = "$(TARGET_NAME)";
				SWIFT_EMIT_LOC_STRINGS = YES;
				SWIFT_VERSION = 5.0;
				TARGETED_DEVICE_FAMILY = "1,2";
			};
			name = Release;
		};
/* End XCBuildConfiguration section */

/* Begin XCConfigurationList section */
		A69A67B82CB14A5800AE8AC1 /* Build configuration list for PBXProject "DemoVideoPlayer" */ = {
			isa = XCConfigurationList;
			buildConfigurations = (
				A69A67CF2CB14A5900AE8AC1 /* Debug */,
				A69A67D02CB14A5900AE8AC1 /* Release */,
			);
			defaultConfigurationIsVisible = 0;
			defaultConfigurationName = Release;
		};
		A69A67D12CB14A5900AE8AC1 /* Build configuration list for PBXNativeTarget "DemoVideoPlayer" */ = {
			isa = XCConfigurationList;
			buildConfigurations = (
				A69A67D22CB14A5900AE8AC1 /* Debug */,
				A69A67D32CB14A5900AE8AC1 /* Release */,
			);
			defaultConfigurationIsVisible = 0;
			defaultConfigurationName = Release;
		};
/* End XCConfigurationList section */
	};
	rootObject = A69A67B52CB14A5800AE8AC1 /* Project object */;
}
